
Microsoft Visual Studio Solution File, Format Version 12.00
# Visual Studio 15
VisualStudioVersion = 15.0.28307.271
MinimumVisualStudioVersion = 10.0.40219.1
Project("{9A19103F-16F7-4668-BE54-9A1E7A4F7556}") = "Machine.Specifications.Runner.TDNet", "src\Machine.Specifications.Runner.TDNet\Machine.Specifications.Runner.TDNet.csproj", "{E57865B9-C7EF-4340-8AF2-5D85F2545EC6}"
EndProject
Project("{2150E333-8FDC-42A3-9474-1A3956D46DE8}") = "Build", "Build", "{EBF452B7-212F-4A84-AA3F-83E6D974F2CC}"
	ProjectSection(SolutionItems) = preProject
		appveyor.yml = appveyor.yml
		build.cake = build.cake
		CONTRIBUTING.md = CONTRIBUTING.md
		README.md = README.md
	EndProjectSection
EndProject
Global
	GlobalSection(SolutionConfigurationPlatforms) = preSolution
		Debug|Any CPU = Debug|Any CPU
		Release|Any CPU = Release|Any CPU
	EndGlobalSection
	GlobalSection(ProjectConfigurationPlatforms) = postSolution
		{E57865B9-C7EF-4340-8AF2-5D85F2545EC6}.Debug|Any CPU.ActiveCfg = Debug|Any CPU
		{E57865B9-C7EF-4340-8AF2-5D85F2545EC6}.Debug|Any CPU.Build.0 = Debug|Any CPU
		{E57865B9-C7EF-4340-8AF2-5D85F2545EC6}.Release|Any CPU.ActiveCfg = Release|Any CPU
		{E57865B9-C7EF-4340-8AF2-5D85F2545EC6}.Release|Any CPU.Build.0 = Release|Any CPU
	EndGlobalSection
	GlobalSection(SolutionProperties) = preSolution
		HideSolutionNode = FALSE
	EndGlobalSection
	GlobalSection(ExtensibilityGlobals) = postSolution
		SolutionGuid = {CA3963DD-AA8B-47B7-AAD1-262631A316F6}
	EndGlobalSection
EndGlobal
