
Microsoft Visual Studio Solution File, Format Version 10.00
# Visual Studio 2008
Project("{FAE04EC0-301F-11D3-BF4B-00C04F79EFBC}") = "Machine.Core", "Machine.Core\Machine.Core\Machine.Core.csproj", "{CC4332BD-DC7F-4B89-8C38-F8B51CADC991}"
EndProject
Project("{FAE04EC0-301F-11D3-BF4B-00C04F79EFBC}") = "Machine.Core.Tests", "Machine.Core\Machine.Core.Tests\Machine.Core.Tests.csproj", "{AA05C128-39BA-41D0-A627-A5B20F8A79FF}"
EndProject
Project("{FAE04EC0-301F-11D3-BF4B-00C04F79EFBC}") = "Machine.Container", "Machine.Container\Machine.Container\Machine.Container.csproj", "{311CA93B-3D01-448F-8408-BF6398F0F5FC}"
EndProject
Project("{FAE04EC0-301F-11D3-BF4B-00C04F79EFBC}") = "Machine.Container.Tests", "Machine.Container\Machine.Container.Tests\Machine.Container.Tests.csproj", "{F5EF7CA1-E4A1-47C8-BBB3-BDF36EDB5514}"
EndProject
Project("{FAE04EC0-301F-11D3-BF4B-00C04F79EFBC}") = "Machine.IoC", "Machine.IoC\Machine.IoC\Machine.IoC.csproj", "{8DABCD9B-546A-4789-87C3-94FCEB38110D}"
EndProject
Project("{FAE04EC0-301F-11D3-BF4B-00C04F79EFBC}") = "Machine.Migrations", "Machine.Migrations\Machine.Migrations\Machine.Migrations.csproj", "{03796A8D-51A4-4308-A706-D27960E59896}"
EndProject
Project("{FAE04EC0-301F-11D3-BF4B-00C04F79EFBC}") = "Machine.Migrations.NHibernate", "Machine.Migrations\Machine.Migrations.NHibernate\Machine.Migrations.NHibernate.csproj", "{75C365BA-073A-48C8-85A6-43ACD6EB220C}"
EndProject
Project("{FAE04EC0-301F-11D3-BF4B-00C04F79EFBC}") = "Machine.Migrations.Tests", "Machine.Migrations\Machine.Migrations.Tests\Machine.Migrations.Tests.csproj", "{297C1585-659E-499C-8CB5-7B50D17D8D26}"
EndProject
Project("{FAE04EC0-301F-11D3-BF4B-00C04F79EFBC}") = "Machine.BackgroundJobs", "Machine.BackgroundJobs\Machine.BackgroundJobs\Machine.BackgroundJobs.csproj", "{93E29839-10C4-4C32-B3FD-4DFEB4F44B9B}"
EndProject
Project("{FAE04EC0-301F-11D3-BF4B-00C04F79EFBC}") = "Machine.BackgroundJobs.Tests", "Machine.BackgroundJobs\Machine.BackgroundJobs.Tests\Machine.BackgroundJobs.Tests.csproj", "{D51F5063-688D-4A1E-9C69-E780923660C4}"
EndProject
Project("{FAE04EC0-301F-11D3-BF4B-00C04F79EFBC}") = "Machine.MonoRail.Extensions", "Machine.MonoRail.Extensions\Machine.MonoRail.Extensions\Machine.MonoRail.Extensions.csproj", "{16843E67-2FF1-465E-9DC6-3703E4E78160}"
EndProject
Project("{FAE04EC0-301F-11D3-BF4B-00C04F79EFBC}") = "Machine.MonoRail.Extensions.Tests", "Machine.MonoRail.Extensions\Machine.MonoRail.Extensions.Tests\Machine.MonoRail.Extensions.Tests.csproj", "{171FA58C-6AA8-4B63-A6A7-68F026F7A400}"
EndProject
Project("{FAE04EC0-301F-11D3-BF4B-00C04F79EFBC}") = "Machine.NHibernateExtensions", "Machine.NHibernateExtensions\Machine.NHibernateExtensions.csproj", "{11EA06FF-F2C5-4A49-94F8-A0B13550B5A5}"
EndProject
Project("{FAE04EC0-301F-11D3-BF4B-00C04F79EFBC}") = "Machine.Testing", "Machine.Testing\Machine.Testing.csproj", "{DB751178-BF97-4477-861B-B169AAB964D3}"
EndProject
Project("{FAE04EC0-301F-11D3-BF4B-00C04F79EFBC}") = "Machine.Core.Silverlight", "Machine.Core\Machine.Core\Machine.Core.Silverlight.csproj", "{7BF9A463-93E6-4AA3-B2EE-E785239E8B2C}"
EndProject
Project("{FAE04EC0-301F-11D3-BF4B-00C04F79EFBC}") = "Machine.Container.Silverlight", "Machine.Container\Machine.Container\Machine.Container.Silverlight.csproj", "{CF133487-0A5B-4D91-B38C-2858D2680BF1}"
EndProject
Project("{FAE04EC0-301F-11D3-BF4B-00C04F79EFBC}") = "Machine.MsMvc", "Machine.MsMvc\Machine.MsMvc.csproj", "{DF69AA8C-54B3-4EE3-AAC1-F1210B0A257C}"
EndProject
Project("{FAE04EC0-301F-11D3-BF4B-00C04F79EFBC}") = "Machine.MsWcf", "Machine.MsWcf\Machine.MsWcf.csproj", "{B464DBC2-EBF7-4428-9D5C-12F83500143A}"
EndProject
Project("{FAE04EC0-301F-11D3-BF4B-00C04F79EFBC}") = "Machine.MsMvc.Tests", "Machine.MsMvc.Tests\Machine.MsMvc.Tests.csproj", "{25154EAD-4903-4E8E-AF3B-F293C4FBA558}"
EndProject
Project("{FAE04EC0-301F-11D3-BF4B-00C04F79EFBC}") = "Machine.Specifications", "Machine.Specifications\Machine.Specifications.csproj", "{CCD02629-1262-4F78-9E9F-AC97B942D0E7}"
EndProject
Project("{FAE04EC0-301F-11D3-BF4B-00C04F79EFBC}") = "Machine.Specifications.GallioAdapter", "Machine.SpecificationsAdapter\Machine.Specifications.GallioAdapter.csproj", "{7CB38828-8299-4BDB-924F-D590A8C44230}"
EndProject
Project("{FAE04EC0-301F-11D3-BF4B-00C04F79EFBC}") = "Machine.Specifications.GallioAdapter.Tests", "Machine.Specifications.GallioAdapter.Tests\Machine.Specifications.GallioAdapter.Tests.csproj", "{C0B4E7EB-7D1F-44B9-B8C1-F989A91D3655}"
EndProject
Project("{FAE04EC0-301F-11D3-BF4B-00C04F79EFBC}") = "Machine.Specifications.Example", "Machine.Specifications.Example\Machine.Specifications.Example.csproj", "{2C28C643-31A2-44CA-B762-953A963F6F61}"
EndProject
Project("{FAE04EC0-301F-11D3-BF4B-00C04F79EFBC}") = "Machine.Specifications.Tests", "Machine.Specifications.Tests\Machine.Specifications.Tests.csproj", "{FE10826D-F2C7-4FF3-A135-9EA9EF2C9CB4}"
EndProject
Global
	GlobalSection(SolutionConfigurationPlatforms) = preSolution
		Debug|Any CPU = Debug|Any CPU
		Release|Any CPU = Release|Any CPU
	EndGlobalSection
	GlobalSection(ProjectConfigurationPlatforms) = postSolution
		{CC4332BD-DC7F-4B89-8C38-F8B51CADC991}.Debug|Any CPU.ActiveCfg = Debug|Any CPU
		{CC4332BD-DC7F-4B89-8C38-F8B51CADC991}.Debug|Any CPU.Build.0 = Debug|Any CPU
		{CC4332BD-DC7F-4B89-8C38-F8B51CADC991}.Release|Any CPU.ActiveCfg = Release|Any CPU
		{CC4332BD-DC7F-4B89-8C38-F8B51CADC991}.Release|Any CPU.Build.0 = Release|Any CPU
		{AA05C128-39BA-41D0-A627-A5B20F8A79FF}.Debug|Any CPU.ActiveCfg = Debug|Any CPU
		{AA05C128-39BA-41D0-A627-A5B20F8A79FF}.Debug|Any CPU.Build.0 = Debug|Any CPU
		{AA05C128-39BA-41D0-A627-A5B20F8A79FF}.Release|Any CPU.ActiveCfg = Release|Any CPU
		{AA05C128-39BA-41D0-A627-A5B20F8A79FF}.Release|Any CPU.Build.0 = Release|Any CPU
		{311CA93B-3D01-448F-8408-BF6398F0F5FC}.Debug|Any CPU.ActiveCfg = Debug|Any CPU
		{311CA93B-3D01-448F-8408-BF6398F0F5FC}.Debug|Any CPU.Build.0 = Debug|Any CPU
		{311CA93B-3D01-448F-8408-BF6398F0F5FC}.Release|Any CPU.ActiveCfg = Release|Any CPU
		{311CA93B-3D01-448F-8408-BF6398F0F5FC}.Release|Any CPU.Build.0 = Release|Any CPU
		{F5EF7CA1-E4A1-47C8-BBB3-BDF36EDB5514}.Debug|Any CPU.ActiveCfg = Debug|Any CPU
		{F5EF7CA1-E4A1-47C8-BBB3-BDF36EDB5514}.Debug|Any CPU.Build.0 = Debug|Any CPU
		{F5EF7CA1-E4A1-47C8-BBB3-BDF36EDB5514}.Release|Any CPU.ActiveCfg = Release|Any CPU
		{F5EF7CA1-E4A1-47C8-BBB3-BDF36EDB5514}.Release|Any CPU.Build.0 = Release|Any CPU
		{8DABCD9B-546A-4789-87C3-94FCEB38110D}.Debug|Any CPU.ActiveCfg = Debug|Any CPU
		{8DABCD9B-546A-4789-87C3-94FCEB38110D}.Debug|Any CPU.Build.0 = Debug|Any CPU
		{8DABCD9B-546A-4789-87C3-94FCEB38110D}.Release|Any CPU.ActiveCfg = Release|Any CPU
		{8DABCD9B-546A-4789-87C3-94FCEB38110D}.Release|Any CPU.Build.0 = Release|Any CPU
		{03796A8D-51A4-4308-A706-D27960E59896}.Debug|Any CPU.ActiveCfg = Debug|Any CPU
		{03796A8D-51A4-4308-A706-D27960E59896}.Debug|Any CPU.Build.0 = Debug|Any CPU
		{03796A8D-51A4-4308-A706-D27960E59896}.Release|Any CPU.ActiveCfg = Release|Any CPU
		{03796A8D-51A4-4308-A706-D27960E59896}.Release|Any CPU.Build.0 = Release|Any CPU
		{75C365BA-073A-48C8-85A6-43ACD6EB220C}.Debug|Any CPU.ActiveCfg = Debug|Any CPU
		{75C365BA-073A-48C8-85A6-43ACD6EB220C}.Debug|Any CPU.Build.0 = Debug|Any CPU
		{75C365BA-073A-48C8-85A6-43ACD6EB220C}.Release|Any CPU.ActiveCfg = Release|Any CPU
		{75C365BA-073A-48C8-85A6-43ACD6EB220C}.Release|Any CPU.Build.0 = Release|Any CPU
		{297C1585-659E-499C-8CB5-7B50D17D8D26}.Debug|Any CPU.ActiveCfg = Debug|Any CPU
		{297C1585-659E-499C-8CB5-7B50D17D8D26}.Debug|Any CPU.Build.0 = Debug|Any CPU
		{297C1585-659E-499C-8CB5-7B50D17D8D26}.Release|Any CPU.ActiveCfg = Release|Any CPU
		{297C1585-659E-499C-8CB5-7B50D17D8D26}.Release|Any CPU.Build.0 = Release|Any CPU
		{93E29839-10C4-4C32-B3FD-4DFEB4F44B9B}.Debug|Any CPU.ActiveCfg = Debug|Any CPU
		{93E29839-10C4-4C32-B3FD-4DFEB4F44B9B}.Debug|Any CPU.Build.0 = Debug|Any CPU
		{93E29839-10C4-4C32-B3FD-4DFEB4F44B9B}.Release|Any CPU.ActiveCfg = Release|Any CPU
		{93E29839-10C4-4C32-B3FD-4DFEB4F44B9B}.Release|Any CPU.Build.0 = Release|Any CPU
		{D51F5063-688D-4A1E-9C69-E780923660C4}.Debug|Any CPU.ActiveCfg = Debug|Any CPU
		{D51F5063-688D-4A1E-9C69-E780923660C4}.Debug|Any CPU.Build.0 = Debug|Any CPU
		{D51F5063-688D-4A1E-9C69-E780923660C4}.Release|Any CPU.ActiveCfg = Release|Any CPU
		{D51F5063-688D-4A1E-9C69-E780923660C4}.Release|Any CPU.Build.0 = Release|Any CPU
		{16843E67-2FF1-465E-9DC6-3703E4E78160}.Debug|Any CPU.ActiveCfg = Debug|Any CPU
		{16843E67-2FF1-465E-9DC6-3703E4E78160}.Debug|Any CPU.Build.0 = Debug|Any CPU
		{16843E67-2FF1-465E-9DC6-3703E4E78160}.Release|Any CPU.ActiveCfg = Release|Any CPU
		{16843E67-2FF1-465E-9DC6-3703E4E78160}.Release|Any CPU.Build.0 = Release|Any CPU
		{171FA58C-6AA8-4B63-A6A7-68F026F7A400}.Debug|Any CPU.ActiveCfg = Debug|Any CPU
		{171FA58C-6AA8-4B63-A6A7-68F026F7A400}.Debug|Any CPU.Build.0 = Debug|Any CPU
		{171FA58C-6AA8-4B63-A6A7-68F026F7A400}.Release|Any CPU.ActiveCfg = Release|Any CPU
		{171FA58C-6AA8-4B63-A6A7-68F026F7A400}.Release|Any CPU.Build.0 = Release|Any CPU
		{11EA06FF-F2C5-4A49-94F8-A0B13550B5A5}.Debug|Any CPU.ActiveCfg = Debug|Any CPU
		{11EA06FF-F2C5-4A49-94F8-A0B13550B5A5}.Debug|Any CPU.Build.0 = Debug|Any CPU
		{11EA06FF-F2C5-4A49-94F8-A0B13550B5A5}.Release|Any CPU.ActiveCfg = Release|Any CPU
		{11EA06FF-F2C5-4A49-94F8-A0B13550B5A5}.Release|Any CPU.Build.0 = Release|Any CPU
		{DB751178-BF97-4477-861B-B169AAB964D3}.Debug|Any CPU.ActiveCfg = Debug|Any CPU
		{DB751178-BF97-4477-861B-B169AAB964D3}.Debug|Any CPU.Build.0 = Debug|Any CPU
		{DB751178-BF97-4477-861B-B169AAB964D3}.Release|Any CPU.ActiveCfg = Release|Any CPU
		{DB751178-BF97-4477-861B-B169AAB964D3}.Release|Any CPU.Build.0 = Release|Any CPU
		{7BF9A463-93E6-4AA3-B2EE-E785239E8B2C}.Debug|Any CPU.ActiveCfg = Debug|Any CPU
		{7BF9A463-93E6-4AA3-B2EE-E785239E8B2C}.Debug|Any CPU.Build.0 = Debug|Any CPU
		{7BF9A463-93E6-4AA3-B2EE-E785239E8B2C}.Release|Any CPU.ActiveCfg = Release|Any CPU
		{7BF9A463-93E6-4AA3-B2EE-E785239E8B2C}.Release|Any CPU.Build.0 = Release|Any CPU
		{CF133487-0A5B-4D91-B38C-2858D2680BF1}.Debug|Any CPU.ActiveCfg = Debug|Any CPU
		{CF133487-0A5B-4D91-B38C-2858D2680BF1}.Debug|Any CPU.Build.0 = Debug|Any CPU
		{CF133487-0A5B-4D91-B38C-2858D2680BF1}.Release|Any CPU.ActiveCfg = Release|Any CPU
		{CF133487-0A5B-4D91-B38C-2858D2680BF1}.Release|Any CPU.Build.0 = Release|Any CPU
		{DF69AA8C-54B3-4EE3-AAC1-F1210B0A257C}.Debug|Any CPU.ActiveCfg = Debug|Any CPU
		{DF69AA8C-54B3-4EE3-AAC1-F1210B0A257C}.Debug|Any CPU.Build.0 = Debug|Any CPU
		{DF69AA8C-54B3-4EE3-AAC1-F1210B0A257C}.Release|Any CPU.ActiveCfg = Release|Any CPU
		{DF69AA8C-54B3-4EE3-AAC1-F1210B0A257C}.Release|Any CPU.Build.0 = Release|Any CPU
		{B464DBC2-EBF7-4428-9D5C-12F83500143A}.Debug|Any CPU.ActiveCfg = Debug|Any CPU
		{B464DBC2-EBF7-4428-9D5C-12F83500143A}.Debug|Any CPU.Build.0 = Debug|Any CPU
		{B464DBC2-EBF7-4428-9D5C-12F83500143A}.Release|Any CPU.ActiveCfg = Release|Any CPU
		{B464DBC2-EBF7-4428-9D5C-12F83500143A}.Release|Any CPU.Build.0 = Release|Any CPU
		{25154EAD-4903-4E8E-AF3B-F293C4FBA558}.Debug|Any CPU.ActiveCfg = Debug|Any CPU
		{25154EAD-4903-4E8E-AF3B-F293C4FBA558}.Debug|Any CPU.Build.0 = Debug|Any CPU
		{25154EAD-4903-4E8E-AF3B-F293C4FBA558}.Release|Any CPU.ActiveCfg = Release|Any CPU
		{25154EAD-4903-4E8E-AF3B-F293C4FBA558}.Release|Any CPU.Build.0 = Release|Any CPU
		{CCD02629-1262-4F78-9E9F-AC97B942D0E7}.Debug|Any CPU.ActiveCfg = Debug|Any CPU
		{CCD02629-1262-4F78-9E9F-AC97B942D0E7}.Debug|Any CPU.Build.0 = Debug|Any CPU
		{CCD02629-1262-4F78-9E9F-AC97B942D0E7}.Release|Any CPU.ActiveCfg = Release|Any CPU
		{CCD02629-1262-4F78-9E9F-AC97B942D0E7}.Release|Any CPU.Build.0 = Release|Any CPU
		{7CB38828-8299-4BDB-924F-D590A8C44230}.Debug|Any CPU.ActiveCfg = Debug|Any CPU
		{7CB38828-8299-4BDB-924F-D590A8C44230}.Debug|Any CPU.Build.0 = Debug|Any CPU
		{7CB38828-8299-4BDB-924F-D590A8C44230}.Release|Any CPU.ActiveCfg = Release|Any CPU
		{7CB38828-8299-4BDB-924F-D590A8C44230}.Release|Any CPU.Build.0 = Release|Any CPU
		{C0B4E7EB-7D1F-44B9-B8C1-F989A91D3655}.Debug|Any CPU.ActiveCfg = Debug|Any CPU
		{C0B4E7EB-7D1F-44B9-B8C1-F989A91D3655}.Debug|Any CPU.Build.0 = Debug|Any CPU
		{C0B4E7EB-7D1F-44B9-B8C1-F989A91D3655}.Release|Any CPU.ActiveCfg = Release|Any CPU
		{C0B4E7EB-7D1F-44B9-B8C1-F989A91D3655}.Release|Any CPU.Build.0 = Release|Any CPU
		{2C28C643-31A2-44CA-B762-953A963F6F61}.Debug|Any CPU.ActiveCfg = Debug|Any CPU
		{2C28C643-31A2-44CA-B762-953A963F6F61}.Debug|Any CPU.Build.0 = Debug|Any CPU
		{2C28C643-31A2-44CA-B762-953A963F6F61}.Release|Any CPU.ActiveCfg = Release|Any CPU
		{2C28C643-31A2-44CA-B762-953A963F6F61}.Release|Any CPU.Build.0 = Release|Any CPU
		{FE10826D-F2C7-4FF3-A135-9EA9EF2C9CB4}.Debug|Any CPU.ActiveCfg = Debug|Any CPU
		{FE10826D-F2C7-4FF3-A135-9EA9EF2C9CB4}.Debug|Any CPU.Build.0 = Debug|Any CPU
		{FE10826D-F2C7-4FF3-A135-9EA9EF2C9CB4}.Release|Any CPU.ActiveCfg = Release|Any CPU
		{FE10826D-F2C7-4FF3-A135-9EA9EF2C9CB4}.Release|Any CPU.Build.0 = Release|Any CPU
	EndGlobalSection
	GlobalSection(SolutionProperties) = preSolution
		HideSolutionNode = FALSE
	EndGlobalSection
EndGlobal
