
Microsoft Visual Studio Solution File, Format Version 12.00
# Visual Studio 2013
VisualStudioVersion = 12.0.30110.0
MinimumVisualStudioVersion = 10.0.40219.1
Project("{FAE04EC0-301F-11D3-BF4B-00C04F79EFBC}") = "Machine.Specifications.Runner.Utility", "Machine.Specifications.Runner.Utility\Machine.Specifications.Runner.Utility.csproj", "{ED308706-7C33-48B7-AD12-9F8EC88C63A9}"
EndProject
Project("{FAE04EC0-301F-11D3-BF4B-00C04F79EFBC}") = "Machine.Specifications.Runner.Utility.Specs", "Machine.Specifications.Runner.Utility.Specs\Machine.Specifications.Runner.Utility.Specs.csproj", "{84480312-6CCD-4303-AA60-1504C9916F22}"
EndProject
Project("{FAE04EC0-301F-11D3-BF4B-00C04F79EFBC}") = "Example", "Example\Example.csproj", "{2C28C643-31A2-44CA-B762-953A963F6F61}"
EndProject
Project("{FAE04EC0-301F-11D3-BF4B-00C04F79EFBC}") = "Example.Failing", "Example.Failing\Example.Failing.csproj", "{89ECD0D1-6CC4-4319-B1B2-389E0B48F40D}"
EndProject
Project("{FAE04EC0-301F-11D3-BF4B-00C04F79EFBC}") = "Example.BindingFailure.Ref", "Example.BindingFailure.Ref\Example.BindingFailure.Ref.csproj", "{2C33D385-9024-4346-8839-93CFF1AF227C}"
EndProject
Project("{FAE04EC0-301F-11D3-BF4B-00C04F79EFBC}") = "Example.Random", "Example.Random\Example.Random.csproj", "{1295C389-FCE4-4425-93E4-E4AE239B3E35}"
EndProject
Project("{FAE04EC0-301F-11D3-BF4B-00C04F79EFBC}") = "Example.CleanupFailure", "Example.CleanupFailure\Example.CleanupFailure.csproj", "{0C0F5B79-50B7-4B6E-9EAB-9A7DC70F92AC}"
EndProject
Project("{FAE04EC0-301F-11D3-BF4B-00C04F79EFBC}") = "Example.CustomDelegates", "Example.CustomDelegates\Example.CustomDelegates.csproj", "{844788DF-F12F-462F-BDE8-C46F8FFECD11}"
EndProject
Project("{FAE04EC0-301F-11D3-BF4B-00C04F79EFBC}") = "Example.BindingFailure", "Example.BindingFailure\Example.BindingFailure.csproj", "{A635BD1C-DA89-4FC7-8434-5DAB1A09A18D}"
EndProject
Project("{FAE04EC0-301F-11D3-BF4B-00C04F79EFBC}") = "Example.Issue146-NoMSpecDll", "Example.Issue146-NoMSpecDll\Example.Issue146-NoMSpecDll.csproj", "{5C5A9E20-C87B-43AD-BE01-AEB3EF6266AD}"
EndProject
Global
	GlobalSection(SolutionConfigurationPlatforms) = preSolution
		Debug|Any CPU = Debug|Any CPU
		Release|Any CPU = Release|Any CPU
	EndGlobalSection
	GlobalSection(ProjectConfigurationPlatforms) = postSolution
		{ED308706-7C33-48B7-AD12-9F8EC88C63A9}.Debug|Any CPU.ActiveCfg = Debug|Any CPU
		{ED308706-7C33-48B7-AD12-9F8EC88C63A9}.Debug|Any CPU.Build.0 = Debug|Any CPU
		{ED308706-7C33-48B7-AD12-9F8EC88C63A9}.Release|Any CPU.ActiveCfg = Release|Any CPU
		{ED308706-7C33-48B7-AD12-9F8EC88C63A9}.Release|Any CPU.Build.0 = Release|Any CPU
		{84480312-6CCD-4303-AA60-1504C9916F22}.Debug|Any CPU.ActiveCfg = Debug|Any CPU
		{84480312-6CCD-4303-AA60-1504C9916F22}.Debug|Any CPU.Build.0 = Debug|Any CPU
		{84480312-6CCD-4303-AA60-1504C9916F22}.Release|Any CPU.ActiveCfg = Release|Any CPU
		{84480312-6CCD-4303-AA60-1504C9916F22}.Release|Any CPU.Build.0 = Release|Any CPU
		{2C28C643-31A2-44CA-B762-953A963F6F61}.Debug|Any CPU.ActiveCfg = Debug|Any CPU
		{2C28C643-31A2-44CA-B762-953A963F6F61}.Debug|Any CPU.Build.0 = Debug|Any CPU
		{2C28C643-31A2-44CA-B762-953A963F6F61}.Release|Any CPU.ActiveCfg = Release|Any CPU
		{2C28C643-31A2-44CA-B762-953A963F6F61}.Release|Any CPU.Build.0 = Release|Any CPU
		{89ECD0D1-6CC4-4319-B1B2-389E0B48F40D}.Debug|Any CPU.ActiveCfg = Debug|Any CPU
		{89ECD0D1-6CC4-4319-B1B2-389E0B48F40D}.Debug|Any CPU.Build.0 = Debug|Any CPU
		{89ECD0D1-6CC4-4319-B1B2-389E0B48F40D}.Release|Any CPU.ActiveCfg = Release|Any CPU
		{89ECD0D1-6CC4-4319-B1B2-389E0B48F40D}.Release|Any CPU.Build.0 = Release|Any CPU
		{2C33D385-9024-4346-8839-93CFF1AF227C}.Debug|Any CPU.ActiveCfg = Debug|Any CPU
		{2C33D385-9024-4346-8839-93CFF1AF227C}.Debug|Any CPU.Build.0 = Debug|Any CPU
		{2C33D385-9024-4346-8839-93CFF1AF227C}.Release|Any CPU.ActiveCfg = Release|Any CPU
		{2C33D385-9024-4346-8839-93CFF1AF227C}.Release|Any CPU.Build.0 = Release|Any CPU
		{1295C389-FCE4-4425-93E4-E4AE239B3E35}.Debug|Any CPU.ActiveCfg = Debug|Any CPU
		{1295C389-FCE4-4425-93E4-E4AE239B3E35}.Debug|Any CPU.Build.0 = Debug|Any CPU
		{1295C389-FCE4-4425-93E4-E4AE239B3E35}.Release|Any CPU.ActiveCfg = Release|Any CPU
		{1295C389-FCE4-4425-93E4-E4AE239B3E35}.Release|Any CPU.Build.0 = Release|Any CPU
		{0C0F5B79-50B7-4B6E-9EAB-9A7DC70F92AC}.Debug|Any CPU.ActiveCfg = Debug|Any CPU
		{0C0F5B79-50B7-4B6E-9EAB-9A7DC70F92AC}.Debug|Any CPU.Build.0 = Debug|Any CPU
		{0C0F5B79-50B7-4B6E-9EAB-9A7DC70F92AC}.Release|Any CPU.ActiveCfg = Release|Any CPU
		{0C0F5B79-50B7-4B6E-9EAB-9A7DC70F92AC}.Release|Any CPU.Build.0 = Release|Any CPU
		{844788DF-F12F-462F-BDE8-C46F8FFECD11}.Debug|Any CPU.ActiveCfg = Debug|Any CPU
		{844788DF-F12F-462F-BDE8-C46F8FFECD11}.Debug|Any CPU.Build.0 = Debug|Any CPU
		{844788DF-F12F-462F-BDE8-C46F8FFECD11}.Release|Any CPU.ActiveCfg = Release|Any CPU
		{844788DF-F12F-462F-BDE8-C46F8FFECD11}.Release|Any CPU.Build.0 = Release|Any CPU
		{A635BD1C-DA89-4FC7-8434-5DAB1A09A18D}.Debug|Any CPU.ActiveCfg = Debug|Any CPU
		{A635BD1C-DA89-4FC7-8434-5DAB1A09A18D}.Debug|Any CPU.Build.0 = Debug|Any CPU
		{A635BD1C-DA89-4FC7-8434-5DAB1A09A18D}.Release|Any CPU.ActiveCfg = Release|Any CPU
		{A635BD1C-DA89-4FC7-8434-5DAB1A09A18D}.Release|Any CPU.Build.0 = Release|Any CPU
		{5C5A9E20-C87B-43AD-BE01-AEB3EF6266AD}.Debug|Any CPU.ActiveCfg = Debug|Any CPU
		{5C5A9E20-C87B-43AD-BE01-AEB3EF6266AD}.Debug|Any CPU.Build.0 = Debug|Any CPU
		{5C5A9E20-C87B-43AD-BE01-AEB3EF6266AD}.Release|Any CPU.ActiveCfg = Release|Any CPU
		{5C5A9E20-C87B-43AD-BE01-AEB3EF6266AD}.Release|Any CPU.Build.0 = Release|Any CPU
	EndGlobalSection
	GlobalSection(SolutionProperties) = preSolution
		HideSolutionNode = FALSE
	EndGlobalSection
EndGlobal
