
Microsoft Visual Studio Solution File, Format Version 10.00
# Visual Studio 2008
Project("{FAE04EC0-301F-11D3-BF4B-00C04F79EFBC}") = "Machine.MonoRail.Extensions", "Machine.MonoRail.Extensions\Machine.MonoRail.Extensions.csproj", "{16843E67-2FF1-465E-9DC6-3703E4E78160}"
EndProject
Project("{FAE04EC0-301F-11D3-BF4B-00C04F79EFBC}") = "Machine.MonoRail.Extensions.Tests", "Machine.MonoRail.Extensions.Tests\Machine.MonoRail.Extensions.Tests.csproj", "{171FA58C-6AA8-4B63-A6A7-68F026F7A400}"
EndProject
Global
	GlobalSection(SolutionConfigurationPlatforms) = preSolution
		Debug|Any CPU = Debug|Any CPU
		Release|Any CPU = Release|Any CPU
	EndGlobalSection
	GlobalSection(ProjectConfigurationPlatforms) = postSolution
		{16843E67-2FF1-465E-9DC6-3703E4E78160}.Debug|Any CPU.ActiveCfg = Debug|Any CPU
		{16843E67-2FF1-465E-9DC6-3703E4E78160}.Debug|Any CPU.Build.0 = Debug|Any CPU
		{16843E67-2FF1-465E-9DC6-3703E4E78160}.Release|Any CPU.ActiveCfg = Release|Any CPU
		{16843E67-2FF1-465E-9DC6-3703E4E78160}.Release|Any CPU.Build.0 = Release|Any CPU
		{171FA58C-6AA8-4B63-A6A7-68F026F7A400}.Debug|Any CPU.ActiveCfg = Debug|Any CPU
		{171FA58C-6AA8-4B63-A6A7-68F026F7A400}.Debug|Any CPU.Build.0 = Debug|Any CPU
		{171FA58C-6AA8-4B63-A6A7-68F026F7A400}.Release|Any CPU.ActiveCfg = Release|Any CPU
		{171FA58C-6AA8-4B63-A6A7-68F026F7A400}.Release|Any CPU.Build.0 = Release|Any CPU
	EndGlobalSection
	GlobalSection(SolutionProperties) = preSolution
		HideSolutionNode = FALSE
	EndGlobalSection
EndGlobal
