
Microsoft Visual Studio Solution File, Format Version 11.00
# Visual Studio 2010
Project("{2150E333-8FDC-42A3-9474-1A3956D46DE8}") = "Examples", "Examples", "{85BC2C4A-493A-476C-971E-BE9CE51ECF5D}"
EndProject
Project("{2150E333-8FDC-42A3-9474-1A3956D46DE8}") = "Runners", "Runners", "{3D475ECE-C800-4087-8FC5-B9A13E76ABC4}"
EndProject
Project("{2150E333-8FDC-42A3-9474-1A3956D46DE8}") = "Reporting", "Reporting", "{1F11BF5C-810C-4FC8-AFF4-7E416A867F39}"
EndProject
Project("{FAE04EC0-301F-11D3-BF4B-00C04F79EFBC}") = "Machine.Specifications", "Machine.Specifications\Machine.Specifications.csproj", "{CCD02629-1262-4F78-9E9F-AC97B942D0E7}"
EndProject
Project("{FAE04EC0-301F-11D3-BF4B-00C04F79EFBC}") = "Machine.Specifications.Example", "Machine.Specifications.Example\Machine.Specifications.Example.csproj", "{2C28C643-31A2-44CA-B762-953A963F6F61}"
EndProject
Project("{FAE04EC0-301F-11D3-BF4B-00C04F79EFBC}") = "Machine.Specifications.Tests", "Machine.Specifications.Tests\Machine.Specifications.Tests.csproj", "{FE10826D-F2C7-4FF3-A135-9EA9EF2C9CB4}"
EndProject
Project("{FAE04EC0-301F-11D3-BF4B-00C04F79EFBC}") = "Machine.Specifications.TDNetRunner", "Machine.Specifications.TDNetRunner\Machine.Specifications.TDNetRunner.csproj", "{E57865B9-C7EF-4340-8AF2-5D85F2545EC6}"
EndProject
Project("{FAE04EC0-301F-11D3-BF4B-00C04F79EFBC}") = "Machine.Specifications.ConsoleRunner", "Machine.Specifications.ConsoleRunner\Machine.Specifications.ConsoleRunner.csproj", "{CFF4B323-24C1-4B19-98CA-7DF92755458E}"
EndProject
Project("{FAE04EC0-301F-11D3-BF4B-00C04F79EFBC}") = "Machine.Specifications.ConsoleRunner.Specs", "Machine.Specifications.ConsoleRunner.Specs\Machine.Specifications.ConsoleRunner.Specs.csproj", "{F25C7917-4ED6-4261-B262-43C56D0CD37F}"
	ProjectSection(ProjectDependencies) = postProject
		{89ECD0D1-6CC4-4319-B1B2-389E0B48F40D} = {89ECD0D1-6CC4-4319-B1B2-389E0B48F40D}
	EndProjectSection
EndProject
Project("{FAE04EC0-301F-11D3-BF4B-00C04F79EFBC}") = "Machine.Specifications.FailingExample", "Machine.Specifications.FailingExample\Machine.Specifications.FailingExample.csproj", "{89ECD0D1-6CC4-4319-B1B2-389E0B48F40D}"
EndProject
Project("{FAE04EC0-301F-11D3-BF4B-00C04F79EFBC}") = "Machine.Specifications.Reporting", "Machine.Specifications.Reporting\Machine.Specifications.Reporting.csproj", "{490496AF-BEA5-4454-88B0-F73C62C22987}"
EndProject
Project("{FAE04EC0-301F-11D3-BF4B-00C04F79EFBC}") = "Machine.Specifications.Reporting.Specs", "Machine.Specifications.Reporting.Specs\Machine.Specifications.Reporting.Specs.csproj", "{97BD55A5-03CA-4E8E-8AE0-55722C39E0AF}"
EndProject
Project("{FAE04EC0-301F-11D3-BF4B-00C04F79EFBC}") = "Machine.Specifications.Specs", "Machine.Specifications.Specs\Machine.Specifications.Specs.csproj", "{15FCDD3C-6C0E-4516-90D8-A1D82DC4C4F9}"
	ProjectSection(ProjectDependencies) = postProject
		{A635BD1C-DA89-4FC7-8434-5DAB1A09A18D} = {A635BD1C-DA89-4FC7-8434-5DAB1A09A18D}
		{2C33D385-9024-4346-8839-93CFF1AF227C} = {2C33D385-9024-4346-8839-93CFF1AF227C}
	EndProjectSection
EndProject
Project("{FAE04EC0-301F-11D3-BF4B-00C04F79EFBC}") = "Machine.Specifications.Example.BindingFailure", "Machine.Specifications.Example.BindingFailure\Machine.Specifications.Example.BindingFailure.csproj", "{A635BD1C-DA89-4FC7-8434-5DAB1A09A18D}"
EndProject
Project("{FAE04EC0-301F-11D3-BF4B-00C04F79EFBC}") = "Machine.Specifications.Example.BindingFailure.Ref", "Machine.Specifications.Example.BindingFailure.Ref\Machine.Specifications.Example.BindingFailure.Ref.csproj", "{2C33D385-9024-4346-8839-93CFF1AF227C}"
EndProject
Project("{FAE04EC0-301F-11D3-BF4B-00C04F79EFBC}") = "Machine.Specifications.Example.WithBehavior", "Machine.Specifications.Example.WithBehavior\Machine.Specifications.Example.WithBehavior.csproj", "{42E05EB9-FC41-4198-B8D2-BAE2417DC7FF}"
EndProject
Project("{FAE04EC0-301F-11D3-BF4B-00C04F79EFBC}") = "Machine.Specifications.Example.CleanupFailure", "Machine.Specifications.Example.CleanupFailure\Machine.Specifications.Example.CleanupFailure.csproj", "{0C0F5B79-50B7-4B6E-9EAB-9A7DC70F92AC}"
EndProject
Project("{FAE04EC0-301F-11D3-BF4B-00C04F79EFBC}") = "Machine.Specifications.Example.Random", "Machine.Specifications.Example.Random\Machine.Specifications.Example.Random.csproj", "{1295C389-FCE4-4425-93E4-E4AE239B3E35}"
EndProject
Project("{FAE04EC0-301F-11D3-BF4B-00C04F79EFBC}") = "Machine.Specifications.SeleniumSupport", "Machine.Specifications.SeleniumSupport\Machine.Specifications.SeleniumSupport.csproj", "{50E85B88-7E0C-4CE7-BD8D-BA9C618A6844}"
EndProject
Project("{FAE04EC0-301F-11D3-BF4B-00C04F79EFBC}") = "Machine.Specifications.ReSharperRunner.4.1", "Machine.Specifications.ReSharperRunner.4.1\Machine.Specifications.ReSharperRunner.4.1.csproj", "{EA52971B-2916-4A32-8F1E-57CDA9CE8EB3}"
EndProject
Project("{FAE04EC0-301F-11D3-BF4B-00C04F79EFBC}") = "Machine.Specifications.ReSharperRunner.4.5", "Machine.Specifications.ReSharperRunner.4.5\Machine.Specifications.ReSharperRunner.4.5.csproj", "{F06E1AB8-7F34-4C32-BC4D-558CAA94DB7C}"
EndProject
Project("{FAE04EC0-301F-11D3-BF4B-00C04F79EFBC}") = "Machine.Specifications.ReSharperRunner.5.0", "Machine.Specifications.ReSharperRunner.5.0\Machine.Specifications.ReSharperRunner.5.0.csproj", "{F78E1AB8-7F34-4C32-BC4D-558CAA94DB7C}"
EndProject
Project("{FAE04EC0-301F-11D3-BF4B-00C04F79EFBC}") = "Machine.Specifications.GallioAdapter.3.1", "Machine.Specifications.GallioAdapter.3.1\Machine.Specifications.GallioAdapter.3.1.csproj", "{D1B0D26E-BEA9-45EF-87C2-0ED5FC9CAC3F}"
EndProject
Project("{FAE04EC0-301F-11D3-BF4B-00C04F79EFBC}") = "Machine.Specifications.GallioAdapter.3.1.TestResources", "Machine.Specifications.GallioAdapter.3.1.TestResources\Machine.Specifications.GallioAdapter.3.1.TestResources.csproj", "{263ABAC8-C6B2-497D-93E3-3773849CEDD3}"
EndProject
Project("{FAE04EC0-301F-11D3-BF4B-00C04F79EFBC}") = "Machine.Specifications.GallioAdapter.3.1.Tests", "Machine.Specifications.GallioAdapter.3.1.Tests\Machine.Specifications.GallioAdapter.3.1.Tests.csproj", "{9C3D968A-AA2C-4612-94E8-C3FD16BFEEED}"
EndProject
Project("{FAE04EC0-301F-11D3-BF4B-00C04F79EFBC}") = "Machine.Specifications.Example.Clr4", "Machine.Specifications.Example.Clr4\Machine.Specifications.Example.Clr4.csproj", "{0CE411DF-CFC3-45E3-96AD-2F872D99E1B1}"
EndProject
Project("{FAE04EC0-301F-11D3-BF4B-00C04F79EFBC}") = "Machine.Specifications.ReSharperRunner.5.1", "Machine.Specifications.ReSharperRunner.5.1\Machine.Specifications.ReSharperRunner.5.1.csproj", "{C47B3023-AC8D-4DFD-AAC2-006C4772B699}"
EndProject
Project("{FAE04EC0-301F-11D3-BF4B-00C04F79EFBC}") = "Machine.Specifications.WatinSupport", "Machine.Specifications.WatinSupport\Machine.Specifications.WatinSupport.csproj", "{9EF302BE-21F7-4443-B871-534DA3BEDD59}"
EndProject
Project("{FAE04EC0-301F-11D3-BF4B-00C04F79EFBC}") = "Machine.Specifications.Example.UsingExternalFile", "Machine.Specifications.Example.UsingExternalFile\Machine.Specifications.Example.UsingExternalFile.csproj", "{A6B234F5-5D96-4809-BD25-86F6544BF838}"
EndProject
Project("{FAE04EC0-301F-11D3-BF4B-00C04F79EFBC}") = "Machine.Specifications.ReSharperRunner.6.0", "Machine.Specifications.ReSharperRunner.6.0\Machine.Specifications.ReSharperRunner.6.0.csproj", "{5ED0B02E-7E2D-413D-ABE9-6DB07116E2CE}"
EndProject
Global
	GlobalSection(SolutionConfigurationPlatforms) = preSolution
		Debug|Any CPU = Debug|Any CPU
		Release|Any CPU = Release|Any CPU
	EndGlobalSection
	GlobalSection(ProjectConfigurationPlatforms) = postSolution
		{CCD02629-1262-4F78-9E9F-AC97B942D0E7}.Debug|Any CPU.ActiveCfg = Debug|Any CPU
		{CCD02629-1262-4F78-9E9F-AC97B942D0E7}.Debug|Any CPU.Build.0 = Debug|Any CPU
		{CCD02629-1262-4F78-9E9F-AC97B942D0E7}.Release|Any CPU.ActiveCfg = Release|Any CPU
		{CCD02629-1262-4F78-9E9F-AC97B942D0E7}.Release|Any CPU.Build.0 = Release|Any CPU
		{2C28C643-31A2-44CA-B762-953A963F6F61}.Debug|Any CPU.ActiveCfg = Debug|Any CPU
		{2C28C643-31A2-44CA-B762-953A963F6F61}.Debug|Any CPU.Build.0 = Debug|Any CPU
		{2C28C643-31A2-44CA-B762-953A963F6F61}.Release|Any CPU.ActiveCfg = Release|Any CPU
		{2C28C643-31A2-44CA-B762-953A963F6F61}.Release|Any CPU.Build.0 = Release|Any CPU
		{FE10826D-F2C7-4FF3-A135-9EA9EF2C9CB4}.Debug|Any CPU.ActiveCfg = Debug|Any CPU
		{FE10826D-F2C7-4FF3-A135-9EA9EF2C9CB4}.Debug|Any CPU.Build.0 = Debug|Any CPU
		{FE10826D-F2C7-4FF3-A135-9EA9EF2C9CB4}.Release|Any CPU.ActiveCfg = Release|Any CPU
		{FE10826D-F2C7-4FF3-A135-9EA9EF2C9CB4}.Release|Any CPU.Build.0 = Release|Any CPU
		{E57865B9-C7EF-4340-8AF2-5D85F2545EC6}.Debug|Any CPU.ActiveCfg = Debug|Any CPU
		{E57865B9-C7EF-4340-8AF2-5D85F2545EC6}.Debug|Any CPU.Build.0 = Debug|Any CPU
		{E57865B9-C7EF-4340-8AF2-5D85F2545EC6}.Release|Any CPU.ActiveCfg = Release|Any CPU
		{E57865B9-C7EF-4340-8AF2-5D85F2545EC6}.Release|Any CPU.Build.0 = Release|Any CPU
		{CFF4B323-24C1-4B19-98CA-7DF92755458E}.Debug|Any CPU.ActiveCfg = Debug|Any CPU
		{CFF4B323-24C1-4B19-98CA-7DF92755458E}.Debug|Any CPU.Build.0 = Debug|Any CPU
		{CFF4B323-24C1-4B19-98CA-7DF92755458E}.Release|Any CPU.ActiveCfg = Release|Any CPU
		{CFF4B323-24C1-4B19-98CA-7DF92755458E}.Release|Any CPU.Build.0 = Release|Any CPU
		{F25C7917-4ED6-4261-B262-43C56D0CD37F}.Debug|Any CPU.ActiveCfg = Debug|Any CPU
		{F25C7917-4ED6-4261-B262-43C56D0CD37F}.Debug|Any CPU.Build.0 = Debug|Any CPU
		{F25C7917-4ED6-4261-B262-43C56D0CD37F}.Release|Any CPU.ActiveCfg = Release|Any CPU
		{F25C7917-4ED6-4261-B262-43C56D0CD37F}.Release|Any CPU.Build.0 = Release|Any CPU
		{89ECD0D1-6CC4-4319-B1B2-389E0B48F40D}.Debug|Any CPU.ActiveCfg = Debug|Any CPU
		{89ECD0D1-6CC4-4319-B1B2-389E0B48F40D}.Debug|Any CPU.Build.0 = Debug|Any CPU
		{89ECD0D1-6CC4-4319-B1B2-389E0B48F40D}.Release|Any CPU.ActiveCfg = Release|Any CPU
		{89ECD0D1-6CC4-4319-B1B2-389E0B48F40D}.Release|Any CPU.Build.0 = Release|Any CPU
		{490496AF-BEA5-4454-88B0-F73C62C22987}.Debug|Any CPU.ActiveCfg = Debug|Any CPU
		{490496AF-BEA5-4454-88B0-F73C62C22987}.Debug|Any CPU.Build.0 = Debug|Any CPU
		{490496AF-BEA5-4454-88B0-F73C62C22987}.Release|Any CPU.ActiveCfg = Release|Any CPU
		{490496AF-BEA5-4454-88B0-F73C62C22987}.Release|Any CPU.Build.0 = Release|Any CPU
		{97BD55A5-03CA-4E8E-8AE0-55722C39E0AF}.Debug|Any CPU.ActiveCfg = Debug|Any CPU
		{97BD55A5-03CA-4E8E-8AE0-55722C39E0AF}.Debug|Any CPU.Build.0 = Debug|Any CPU
		{97BD55A5-03CA-4E8E-8AE0-55722C39E0AF}.Release|Any CPU.ActiveCfg = Release|Any CPU
		{97BD55A5-03CA-4E8E-8AE0-55722C39E0AF}.Release|Any CPU.Build.0 = Release|Any CPU
		{15FCDD3C-6C0E-4516-90D8-A1D82DC4C4F9}.Debug|Any CPU.ActiveCfg = Debug|Any CPU
		{15FCDD3C-6C0E-4516-90D8-A1D82DC4C4F9}.Debug|Any CPU.Build.0 = Debug|Any CPU
		{15FCDD3C-6C0E-4516-90D8-A1D82DC4C4F9}.Release|Any CPU.ActiveCfg = Release|Any CPU
		{15FCDD3C-6C0E-4516-90D8-A1D82DC4C4F9}.Release|Any CPU.Build.0 = Release|Any CPU
		{A635BD1C-DA89-4FC7-8434-5DAB1A09A18D}.Debug|Any CPU.ActiveCfg = Debug|Any CPU
		{A635BD1C-DA89-4FC7-8434-5DAB1A09A18D}.Debug|Any CPU.Build.0 = Debug|Any CPU
		{A635BD1C-DA89-4FC7-8434-5DAB1A09A18D}.Release|Any CPU.ActiveCfg = Release|Any CPU
		{A635BD1C-DA89-4FC7-8434-5DAB1A09A18D}.Release|Any CPU.Build.0 = Release|Any CPU
		{2C33D385-9024-4346-8839-93CFF1AF227C}.Debug|Any CPU.ActiveCfg = Debug|Any CPU
		{2C33D385-9024-4346-8839-93CFF1AF227C}.Debug|Any CPU.Build.0 = Debug|Any CPU
		{2C33D385-9024-4346-8839-93CFF1AF227C}.Release|Any CPU.ActiveCfg = Release|Any CPU
		{2C33D385-9024-4346-8839-93CFF1AF227C}.Release|Any CPU.Build.0 = Release|Any CPU
		{42E05EB9-FC41-4198-B8D2-BAE2417DC7FF}.Debug|Any CPU.ActiveCfg = Debug|Any CPU
		{42E05EB9-FC41-4198-B8D2-BAE2417DC7FF}.Debug|Any CPU.Build.0 = Debug|Any CPU
		{42E05EB9-FC41-4198-B8D2-BAE2417DC7FF}.Release|Any CPU.ActiveCfg = Release|Any CPU
		{42E05EB9-FC41-4198-B8D2-BAE2417DC7FF}.Release|Any CPU.Build.0 = Release|Any CPU
		{0C0F5B79-50B7-4B6E-9EAB-9A7DC70F92AC}.Debug|Any CPU.ActiveCfg = Debug|Any CPU
		{0C0F5B79-50B7-4B6E-9EAB-9A7DC70F92AC}.Debug|Any CPU.Build.0 = Debug|Any CPU
		{0C0F5B79-50B7-4B6E-9EAB-9A7DC70F92AC}.Release|Any CPU.ActiveCfg = Release|Any CPU
		{0C0F5B79-50B7-4B6E-9EAB-9A7DC70F92AC}.Release|Any CPU.Build.0 = Release|Any CPU
		{1295C389-FCE4-4425-93E4-E4AE239B3E35}.Debug|Any CPU.ActiveCfg = Debug|Any CPU
		{1295C389-FCE4-4425-93E4-E4AE239B3E35}.Debug|Any CPU.Build.0 = Debug|Any CPU
		{1295C389-FCE4-4425-93E4-E4AE239B3E35}.Release|Any CPU.ActiveCfg = Release|Any CPU
		{1295C389-FCE4-4425-93E4-E4AE239B3E35}.Release|Any CPU.Build.0 = Release|Any CPU
		{50E85B88-7E0C-4CE7-BD8D-BA9C618A6844}.Debug|Any CPU.ActiveCfg = Debug|Any CPU
		{50E85B88-7E0C-4CE7-BD8D-BA9C618A6844}.Debug|Any CPU.Build.0 = Debug|Any CPU
		{50E85B88-7E0C-4CE7-BD8D-BA9C618A6844}.Release|Any CPU.ActiveCfg = Release|Any CPU
		{50E85B88-7E0C-4CE7-BD8D-BA9C618A6844}.Release|Any CPU.Build.0 = Release|Any CPU
		{EA52971B-2916-4A32-8F1E-57CDA9CE8EB3}.Debug|Any CPU.ActiveCfg = Debug|Any CPU
		{EA52971B-2916-4A32-8F1E-57CDA9CE8EB3}.Debug|Any CPU.Build.0 = Debug|Any CPU
		{EA52971B-2916-4A32-8F1E-57CDA9CE8EB3}.Release|Any CPU.ActiveCfg = Release|Any CPU
		{EA52971B-2916-4A32-8F1E-57CDA9CE8EB3}.Release|Any CPU.Build.0 = Release|Any CPU
		{F06E1AB8-7F34-4C32-BC4D-558CAA94DB7C}.Debug|Any CPU.ActiveCfg = Debug|Any CPU
		{F06E1AB8-7F34-4C32-BC4D-558CAA94DB7C}.Debug|Any CPU.Build.0 = Debug|Any CPU
		{F06E1AB8-7F34-4C32-BC4D-558CAA94DB7C}.Release|Any CPU.ActiveCfg = Release|Any CPU
		{F06E1AB8-7F34-4C32-BC4D-558CAA94DB7C}.Release|Any CPU.Build.0 = Release|Any CPU
		{F78E1AB8-7F34-4C32-BC4D-558CAA94DB7C}.Debug|Any CPU.ActiveCfg = Debug|Any CPU
		{F78E1AB8-7F34-4C32-BC4D-558CAA94DB7C}.Debug|Any CPU.Build.0 = Debug|Any CPU
		{F78E1AB8-7F34-4C32-BC4D-558CAA94DB7C}.Release|Any CPU.ActiveCfg = Release|Any CPU
		{F78E1AB8-7F34-4C32-BC4D-558CAA94DB7C}.Release|Any CPU.Build.0 = Release|Any CPU
		{D1B0D26E-BEA9-45EF-87C2-0ED5FC9CAC3F}.Debug|Any CPU.ActiveCfg = Debug|Any CPU
		{D1B0D26E-BEA9-45EF-87C2-0ED5FC9CAC3F}.Debug|Any CPU.Build.0 = Debug|Any CPU
		{D1B0D26E-BEA9-45EF-87C2-0ED5FC9CAC3F}.Release|Any CPU.ActiveCfg = Release|Any CPU
		{D1B0D26E-BEA9-45EF-87C2-0ED5FC9CAC3F}.Release|Any CPU.Build.0 = Release|Any CPU
		{263ABAC8-C6B2-497D-93E3-3773849CEDD3}.Debug|Any CPU.ActiveCfg = Debug|Any CPU
		{263ABAC8-C6B2-497D-93E3-3773849CEDD3}.Debug|Any CPU.Build.0 = Debug|Any CPU
		{263ABAC8-C6B2-497D-93E3-3773849CEDD3}.Release|Any CPU.ActiveCfg = Release|Any CPU
		{263ABAC8-C6B2-497D-93E3-3773849CEDD3}.Release|Any CPU.Build.0 = Release|Any CPU
		{9C3D968A-AA2C-4612-94E8-C3FD16BFEEED}.Debug|Any CPU.ActiveCfg = Debug|Any CPU
		{9C3D968A-AA2C-4612-94E8-C3FD16BFEEED}.Debug|Any CPU.Build.0 = Debug|Any CPU
		{9C3D968A-AA2C-4612-94E8-C3FD16BFEEED}.Release|Any CPU.ActiveCfg = Release|Any CPU
		{9C3D968A-AA2C-4612-94E8-C3FD16BFEEED}.Release|Any CPU.Build.0 = Release|Any CPU
		{0CE411DF-CFC3-45E3-96AD-2F872D99E1B1}.Debug|Any CPU.ActiveCfg = Debug|Any CPU
		{0CE411DF-CFC3-45E3-96AD-2F872D99E1B1}.Debug|Any CPU.Build.0 = Debug|Any CPU
		{0CE411DF-CFC3-45E3-96AD-2F872D99E1B1}.Release|Any CPU.ActiveCfg = Release|Any CPU
		{0CE411DF-CFC3-45E3-96AD-2F872D99E1B1}.Release|Any CPU.Build.0 = Release|Any CPU
		{C47B3023-AC8D-4DFD-AAC2-006C4772B699}.Debug|Any CPU.ActiveCfg = Debug|Any CPU
		{C47B3023-AC8D-4DFD-AAC2-006C4772B699}.Debug|Any CPU.Build.0 = Debug|Any CPU
		{C47B3023-AC8D-4DFD-AAC2-006C4772B699}.Release|Any CPU.ActiveCfg = Release|Any CPU
		{C47B3023-AC8D-4DFD-AAC2-006C4772B699}.Release|Any CPU.Build.0 = Release|Any CPU
		{9EF302BE-21F7-4443-B871-534DA3BEDD59}.Debug|Any CPU.ActiveCfg = Debug|Any CPU
		{9EF302BE-21F7-4443-B871-534DA3BEDD59}.Debug|Any CPU.Build.0 = Debug|Any CPU
		{9EF302BE-21F7-4443-B871-534DA3BEDD59}.Release|Any CPU.ActiveCfg = Release|Any CPU
		{9EF302BE-21F7-4443-B871-534DA3BEDD59}.Release|Any CPU.Build.0 = Release|Any CPU
		{A6B234F5-5D96-4809-BD25-86F6544BF838}.Debug|Any CPU.ActiveCfg = Debug|Any CPU
		{A6B234F5-5D96-4809-BD25-86F6544BF838}.Debug|Any CPU.Build.0 = Debug|Any CPU
		{A6B234F5-5D96-4809-BD25-86F6544BF838}.Release|Any CPU.ActiveCfg = Release|Any CPU
		{A6B234F5-5D96-4809-BD25-86F6544BF838}.Release|Any CPU.Build.0 = Release|Any CPU
		{5ED0B02E-7E2D-413D-ABE9-6DB07116E2CE}.Debug|Any CPU.ActiveCfg = Debug|Any CPU
		{5ED0B02E-7E2D-413D-ABE9-6DB07116E2CE}.Debug|Any CPU.Build.0 = Debug|Any CPU
		{5ED0B02E-7E2D-413D-ABE9-6DB07116E2CE}.Release|Any CPU.ActiveCfg = Release|Any CPU
		{5ED0B02E-7E2D-413D-ABE9-6DB07116E2CE}.Release|Any CPU.Build.0 = Release|Any CPU
	EndGlobalSection
	GlobalSection(SolutionProperties) = preSolution
		HideSolutionNode = FALSE
	EndGlobalSection
	GlobalSection(NestedProjects) = preSolution
		{2C28C643-31A2-44CA-B762-953A963F6F61} = {85BC2C4A-493A-476C-971E-BE9CE51ECF5D}
		{89ECD0D1-6CC4-4319-B1B2-389E0B48F40D} = {85BC2C4A-493A-476C-971E-BE9CE51ECF5D}
		{A635BD1C-DA89-4FC7-8434-5DAB1A09A18D} = {85BC2C4A-493A-476C-971E-BE9CE51ECF5D}
		{2C33D385-9024-4346-8839-93CFF1AF227C} = {85BC2C4A-493A-476C-971E-BE9CE51ECF5D}
		{42E05EB9-FC41-4198-B8D2-BAE2417DC7FF} = {85BC2C4A-493A-476C-971E-BE9CE51ECF5D}
		{0C0F5B79-50B7-4B6E-9EAB-9A7DC70F92AC} = {85BC2C4A-493A-476C-971E-BE9CE51ECF5D}
		{1295C389-FCE4-4425-93E4-E4AE239B3E35} = {85BC2C4A-493A-476C-971E-BE9CE51ECF5D}
		{0CE411DF-CFC3-45E3-96AD-2F872D99E1B1} = {85BC2C4A-493A-476C-971E-BE9CE51ECF5D}
		{A6B234F5-5D96-4809-BD25-86F6544BF838} = {85BC2C4A-493A-476C-971E-BE9CE51ECF5D}
		{E57865B9-C7EF-4340-8AF2-5D85F2545EC6} = {3D475ECE-C800-4087-8FC5-B9A13E76ABC4}
		{CFF4B323-24C1-4B19-98CA-7DF92755458E} = {3D475ECE-C800-4087-8FC5-B9A13E76ABC4}
		{F25C7917-4ED6-4261-B262-43C56D0CD37F} = {3D475ECE-C800-4087-8FC5-B9A13E76ABC4}
		{EA52971B-2916-4A32-8F1E-57CDA9CE8EB3} = {3D475ECE-C800-4087-8FC5-B9A13E76ABC4}
		{F06E1AB8-7F34-4C32-BC4D-558CAA94DB7C} = {3D475ECE-C800-4087-8FC5-B9A13E76ABC4}
		{F78E1AB8-7F34-4C32-BC4D-558CAA94DB7C} = {3D475ECE-C800-4087-8FC5-B9A13E76ABC4}
		{D1B0D26E-BEA9-45EF-87C2-0ED5FC9CAC3F} = {3D475ECE-C800-4087-8FC5-B9A13E76ABC4}
		{263ABAC8-C6B2-497D-93E3-3773849CEDD3} = {3D475ECE-C800-4087-8FC5-B9A13E76ABC4}
		{9C3D968A-AA2C-4612-94E8-C3FD16BFEEED} = {3D475ECE-C800-4087-8FC5-B9A13E76ABC4}
		{C47B3023-AC8D-4DFD-AAC2-006C4772B699} = {3D475ECE-C800-4087-8FC5-B9A13E76ABC4}
		{5ED0B02E-7E2D-413D-ABE9-6DB07116E2CE} = {3D475ECE-C800-4087-8FC5-B9A13E76ABC4}
		{490496AF-BEA5-4454-88B0-F73C62C22987} = {1F11BF5C-810C-4FC8-AFF4-7E416A867F39}
		{97BD55A5-03CA-4E8E-8AE0-55722C39E0AF} = {1F11BF5C-810C-4FC8-AFF4-7E416A867F39}
		{50E85B88-7E0C-4CE7-BD8D-BA9C618A6844} = {1F11BF5C-810C-4FC8-AFF4-7E416A867F39}
		{9EF302BE-21F7-4443-B871-534DA3BEDD59} = {1F11BF5C-810C-4FC8-AFF4-7E416A867F39}
	EndGlobalSection
EndGlobal
